
Microsoft Visual Studio Solution File, Format Version 12.00
# Visual Studio Version 17
VisualStudioVersion = 17.3.32825.248
MinimumVisualStudioVersion = 10.0.40219.1
Project("{FAE04EC0-301F-11D3-BF4B-00C04F79EFBC}") = "consolexml2", "consolexml2\consolexml2.csproj", "{EE009176-B6B9-45CC-8B98-5F511221EF92}"
EndProject
Global
	GlobalSection(SolutionConfigurationPlatforms) = preSolution
		Debug|Any CPU = Debug|Any CPU
		Release|Any CPU = Release|Any CPU
	EndGlobalSection
	GlobalSection(ProjectConfigurationPlatforms) = postSolution
		{EE009176-B6B9-45CC-8B98-5F511221EF92}.Debug|Any CPU.ActiveCfg = Debug|Any CPU
		{EE009176-B6B9-45CC-8B98-5F511221EF92}.Debug|Any CPU.Build.0 = Debug|Any CPU
		{EE009176-B6B9-45CC-8B98-5F511221EF92}.Release|Any CPU.ActiveCfg = Release|Any CPU
		{EE009176-B6B9-45CC-8B98-5F511221EF92}.Release|Any CPU.Build.0 = Release|Any CPU
	EndGlobalSection
	GlobalSection(SolutionProperties) = preSolution
		HideSolutionNode = FALSE
	EndGlobalSection
	GlobalSection(ExtensibilityGlobals) = postSolution
		SolutionGuid = {8F5514E2-7B2A-4796-AAA0-BA5E2B1730F4}
	EndGlobalSection
EndGlobal
